
Microsoft Visual Studio Solution File, Format Version 12.00
# Visual Studio 15
VisualStudioVersion = 15.0.27130.2026
MinimumVisualStudioVersion = 10.0.40219.1
Project("{FAE04EC0-301F-11D3-BF4B-00C04F79EFBC}") = "9Digital", "9Digital\9Digital.csproj", "{D985B652-0D84-4B8A-84F8-3CBE0B55AB7D}"
EndProject
Global
	GlobalSection(SolutionConfigurationPlatforms) = preSolution
		Debug|Any CPU = Debug|Any CPU
		Release|Any CPU = Release|Any CPU
	EndGlobalSection
	GlobalSection(ProjectConfigurationPlatforms) = postSolution
		{D985B652-0D84-4B8A-84F8-3CBE0B55AB7D}.Debug|Any CPU.ActiveCfg = Debug|Any CPU
		{D985B652-0D84-4B8A-84F8-3CBE0B55AB7D}.Debug|Any CPU.Build.0 = Debug|Any CPU
		{D985B652-0D84-4B8A-84F8-3CBE0B55AB7D}.Release|Any CPU.ActiveCfg = Release|Any CPU
	EndGlobalSection
	GlobalSection(SolutionProperties) = preSolution
		HideSolutionNode = FALSE
	EndGlobalSection
	GlobalSection(ExtensibilityGlobals) = postSolution
		SolutionGuid = {F0ADC8B1-6712-45B7-809E-D59244A879E2}
	EndGlobalSection
EndGlobal
